
Microsoft Visual Studio Solution File, Format Version 12.00
# Visual Studio Version 17
VisualStudioVersion = 17.13.35919.96 d17.13
MinimumVisualStudioVersion = 10.0.40219.1
Project("{FAE04EC0-301F-11D3-BF4B-00C04F79EFBC}") = "GEPre-Post", "GEPre-Post\GEPre-Post.csproj", "{1EF9AC57-AA26-44A0-8FC0-72D05BC8225B}"
EndProject
Global
	GlobalSection(SolutionConfigurationPlatforms) = preSolution
		Debug|Any CPU = Debug|Any CPU
		Release|Any CPU = Release|Any CPU
	EndGlobalSection
	GlobalSection(ProjectConfigurationPlatforms) = postSolution
		{1EF9AC57-AA26-44A0-8FC0-72D05BC8225B}.Debug|Any CPU.ActiveCfg = Debug|Any CPU
		{1EF9AC57-AA26-44A0-8FC0-72D05BC8225B}.Debug|Any CPU.Build.0 = Debug|Any CPU
		{1EF9AC57-AA26-44A0-8FC0-72D05BC8225B}.Release|Any CPU.ActiveCfg = Release|Any CPU
		{1EF9AC57-AA26-44A0-8FC0-72D05BC8225B}.Release|Any CPU.Build.0 = Release|Any CPU
	EndGlobalSection
	GlobalSection(SolutionProperties) = preSolution
		HideSolutionNode = FALSE
	EndGlobalSection
	GlobalSection(ExtensibilityGlobals) = postSolution
		SolutionGuid = {9506C55E-FED3-4FCC-9740-23DD4D1C888F}
	EndGlobalSection
EndGlobal
